
Microsoft Visual Studio Solution File, Format Version 12.00
# Visual Studio Version 17
VisualStudioVersion = 17.11.35327.3
MinimumVisualStudioVersion = 10.0.40219.1
Project("{9A19103F-16F7-4668-BE54-9A1E7A4F7556}") = "Cli2", "Cli2\Cli2.csproj", "{8EAF6F48-46DE-49E8-8546-60CD2183ECB7}"
EndProject
Project("{9A19103F-16F7-4668-BE54-9A1E7A4F7556}") = "CommandLine", "CommandLine\CommandLine.csproj", "{038ED714-CFF9-40F6-A772-96D84489756F}"
EndProject
Project("{9A19103F-16F7-4668-BE54-9A1E7A4F7556}") = "CommandLine.Tests", "CommandLine.Tests\CommandLine.Tests.csproj", "{BD96A0B2-7001-4B41-8823-5AD0C0097639}"
EndProject
Project("{2150E333-8FDC-42A3-9474-1A3956D46DE8}") = "Context", "Context", "{9701E3AA-03E2-4921-8D30-8715D4765360}"
EndProject
Project("{2150E333-8FDC-42A3-9474-1A3956D46DE8}") = "Serializers", "Serializers", "{9A139D79-2CD5-4943-ABA9-C817480D782B}"
EndProject
Project("{2150E333-8FDC-42A3-9474-1A3956D46DE8}") = "Tests", "Tests", "{5385F8E7-7015-49F2-B480-CA49048A741F}"
EndProject
Project("{2150E333-8FDC-42A3-9474-1A3956D46DE8}") = "Repositories", "Repositories", "{269CB40E-400F-4C18-9B53-E25C83E0E203}"
EndProject
Project("{2150E333-8FDC-42A3-9474-1A3956D46DE8}") = "Tests", "Tests", "{A5B51863-E83F-4090-80FA-B68E6E7C6647}"
EndProject
Project("{2150E333-8FDC-42A3-9474-1A3956D46DE8}") = "Tests", "Tests", "{98C88FCE-BDEF-4235-BE70-860BE6881813}"
EndProject
Project("{9A19103F-16F7-4668-BE54-9A1E7A4F7556}") = "Cli2Context", "Context\Cli2Context\Cli2Context.csproj", "{FDC9B9F3-CC3D-434F-A806-934E0C28430E}"
EndProject
Project("{9A19103F-16F7-4668-BE54-9A1E7A4F7556}") = "Cli2Context.Tests", "Context\Tests\Cli2Context.Tests\Cli2Context.Tests.csproj", "{C9691562-26F2-42EC-ACA4-D7AEEBB878F4}"
EndProject
Project("{9A19103F-16F7-4668-BE54-9A1E7A4F7556}") = "Repositories.File.Tests", "Repositories\Repositories.File.Tests\Repositories.File.Tests.csproj", "{94EB46A1-9A40-4584-8AE2-D3A27646DE7E}"
EndProject
Project("{2150E333-8FDC-42A3-9474-1A3956D46DE8}") = "Outputs", "Outputs", "{1737D88F-B1E1-408D-9709-1B0E0449C2BA}"
EndProject
Project("{9A19103F-16F7-4668-BE54-9A1E7A4F7556}") = "SpectreConsole", "Outputs\SpectreConsole\SpectreConsole.csproj", "{EB63F384-AACA-4E5D-B8EF-CA6ABA128C65}"
EndProject
Project("{2150E333-8FDC-42A3-9474-1A3956D46DE8}") = "Operations", "Operations", "{30E00C50-5B5D-4D80-8BC9-BB5E16EEEDE4}"
EndProject
Project("{9A19103F-16F7-4668-BE54-9A1E7A4F7556}") = "BuiltInOperations", "BuiltInOperations\BuiltInOperations.csproj", "{7299A385-4DD3-49DC-A565-38C5E5E24807}"
EndProject
Project("{2150E333-8FDC-42A3-9474-1A3956D46DE8}") = "Cli", "Cli", "{02D71694-7079-44A6-A416-FDF128C63C23}"
EndProject
Project("{2150E333-8FDC-42A3-9474-1A3956D46DE8}") = "Tests", "Tests", "{FEFFDE2B-19EC-4FDD-9449-BAD03D92F701}"
EndProject
Project("{2150E333-8FDC-42A3-9474-1A3956D46DE8}") = "Tests", "Tests", "{FFD3D2C2-6C6A-49D8-B042-DFC80E26DD71}"
EndProject
Project("{9A19103F-16F7-4668-BE54-9A1E7A4F7556}") = "BuiltInOperations.Tests", "BuiltInOperations.Tests\BuiltInOperations.Tests.csproj", "{D0DDF9E8-73C3-42BA-8B4D-7A9CABEC19D4}"
EndProject
Project("{9A19103F-16F7-4668-BE54-9A1E7A4F7556}") = "CommandWeaver.Serializers.Json", "CommandWeaver.Serializers.Json\CommandWeaver.Serializers.Json.csproj", "{63EB57DA-D03E-48AF-A74A-84C82208E259}"
EndProject
Project("{9A19103F-16F7-4668-BE54-9A1E7A4F7556}") = "CommandWeaver.Serializers.Abstraction", "CommandWeaver.Serializers.Abstraction\CommandWeaver.Serializers.Abstraction.csproj", "{2AFEC745-9FFF-42E0-BBB0-AC173AF03ACC}"
EndProject
Project("{9A19103F-16F7-4668-BE54-9A1E7A4F7556}") = "CommandWeaver.Serializers.Json.Tests", "Tests\CommandWeaver.Serializers.Json.Tests\CommandWeaver.Serializers.Json.Tests.csproj", "{FD6F331C-FB8C-4534-AB3D-322FAEF2AAB8}"
EndProject
Project("{9A19103F-16F7-4668-BE54-9A1E7A4F7556}") = "CommandWeaver.Serializers.Default", "CommandWeaver.Serializers.Default\CommandWeaver.Serializers.Default.csproj", "{D1722A13-1A18-4BC3-9847-64BA4151A15C}"
EndProject
Project("{2150E333-8FDC-42A3-9474-1A3956D46DE8}") = "CommandWeaver", "CommandWeaver", "{BCA91B36-E5CD-48B8-810A-0F3245D89B7E}"
EndProject
Project("{9A19103F-16F7-4668-BE54-9A1E7A4F7556}") = "CommandWeaver.Abstractions", "CommandWeaver.Abstractions\CommandWeaver.Abstractions.csproj", "{EDD3383E-7A74-455F-8872-69C5CC8E2115}"
EndProject
Project("{2150E333-8FDC-42A3-9474-1A3956D46DE8}") = "Tests", "Tests", "{F9AD6CE4-D9C4-49AB-BFB1-4CB6BCFC0191}"
EndProject
Project("{9A19103F-16F7-4668-BE54-9A1E7A4F7556}") = "CommandWeaver.Abstractions.Tests", "Tests\CommandWeaver.Abstractions.Tests\CommandWeaver.Abstractions.Tests.csproj", "{0630C798-AC13-458E-A5D7-B7D9B6C4487F}"
EndProject
Project("{9A19103F-16F7-4668-BE54-9A1E7A4F7556}") = "CommandWeaver", "CommandWeaver\CommandWeaver.csproj", "{9502AA74-93E0-48A9-9651-D09005E0EDC3}"
EndProject
Project("{9A19103F-16F7-4668-BE54-9A1E7A4F7556}") = "CommandWeaver.Variables", "CommandWeaver.Variables\CommandWeaver.Variables.csproj", "{6ADAB63C-17F0-4DB9-8E3A-A6AF57984805}"
EndProject
Project("{2150E333-8FDC-42A3-9474-1A3956D46DE8}") = "Services", "Services", "{3FBB3760-7299-4FE5-9B8D-848E56B8E294}"
EndProject
Project("{9A19103F-16F7-4668-BE54-9A1E7A4F7556}") = "CommandWeaver.Services.Flow", "CommandWeaver.Services.Flow\CommandWeaver.Services.Flow.csproj", "{5B411166-21A5-49F0-B3E6-A6FFF657247A}"
EndProject
Project("{FAE04EC0-301F-11D3-BF4B-00C04F79EFBC}") = "CommandWeaver.Repositories.Abstraction", "CommandWeaver.Repositories.Abstraction\CommandWeaver.Repositories.Abstraction.csproj", "{9A9C8952-042B-4540-9472-73C284542060}"
EndProject
Project("{FAE04EC0-301F-11D3-BF4B-00C04F79EFBC}") = "CommandWeaver.Repositories.File", "CommandWeaver.Repositories.File\CommandWeaver.Repositories.File.csproj", "{8FCBA14A-81A8-423D-A103-F163E3225D47}"
EndProject
Global
	GlobalSection(SolutionConfigurationPlatforms) = preSolution
		Debug|Any CPU = Debug|Any CPU
		Release|Any CPU = Release|Any CPU
	EndGlobalSection
	GlobalSection(ProjectConfigurationPlatforms) = postSolution
		{8EAF6F48-46DE-49E8-8546-60CD2183ECB7}.Debug|Any CPU.ActiveCfg = Debug|Any CPU
		{8EAF6F48-46DE-49E8-8546-60CD2183ECB7}.Debug|Any CPU.Build.0 = Debug|Any CPU
		{8EAF6F48-46DE-49E8-8546-60CD2183ECB7}.Release|Any CPU.ActiveCfg = Release|Any CPU
		{8EAF6F48-46DE-49E8-8546-60CD2183ECB7}.Release|Any CPU.Build.0 = Release|Any CPU
		{038ED714-CFF9-40F6-A772-96D84489756F}.Debug|Any CPU.ActiveCfg = Debug|Any CPU
		{038ED714-CFF9-40F6-A772-96D84489756F}.Debug|Any CPU.Build.0 = Debug|Any CPU
		{038ED714-CFF9-40F6-A772-96D84489756F}.Release|Any CPU.ActiveCfg = Release|Any CPU
		{038ED714-CFF9-40F6-A772-96D84489756F}.Release|Any CPU.Build.0 = Release|Any CPU
		{BD96A0B2-7001-4B41-8823-5AD0C0097639}.Debug|Any CPU.ActiveCfg = Debug|Any CPU
		{BD96A0B2-7001-4B41-8823-5AD0C0097639}.Debug|Any CPU.Build.0 = Debug|Any CPU
		{BD96A0B2-7001-4B41-8823-5AD0C0097639}.Release|Any CPU.ActiveCfg = Release|Any CPU
		{BD96A0B2-7001-4B41-8823-5AD0C0097639}.Release|Any CPU.Build.0 = Release|Any CPU
		{FDC9B9F3-CC3D-434F-A806-934E0C28430E}.Debug|Any CPU.ActiveCfg = Debug|Any CPU
		{FDC9B9F3-CC3D-434F-A806-934E0C28430E}.Debug|Any CPU.Build.0 = Debug|Any CPU
		{FDC9B9F3-CC3D-434F-A806-934E0C28430E}.Release|Any CPU.ActiveCfg = Release|Any CPU
		{FDC9B9F3-CC3D-434F-A806-934E0C28430E}.Release|Any CPU.Build.0 = Release|Any CPU
		{C9691562-26F2-42EC-ACA4-D7AEEBB878F4}.Debug|Any CPU.ActiveCfg = Debug|Any CPU
		{C9691562-26F2-42EC-ACA4-D7AEEBB878F4}.Debug|Any CPU.Build.0 = Debug|Any CPU
		{C9691562-26F2-42EC-ACA4-D7AEEBB878F4}.Release|Any CPU.ActiveCfg = Release|Any CPU
		{C9691562-26F2-42EC-ACA4-D7AEEBB878F4}.Release|Any CPU.Build.0 = Release|Any CPU
		{94EB46A1-9A40-4584-8AE2-D3A27646DE7E}.Debug|Any CPU.ActiveCfg = Debug|Any CPU
		{94EB46A1-9A40-4584-8AE2-D3A27646DE7E}.Debug|Any CPU.Build.0 = Debug|Any CPU
		{94EB46A1-9A40-4584-8AE2-D3A27646DE7E}.Release|Any CPU.ActiveCfg = Release|Any CPU
		{94EB46A1-9A40-4584-8AE2-D3A27646DE7E}.Release|Any CPU.Build.0 = Release|Any CPU
		{EB63F384-AACA-4E5D-B8EF-CA6ABA128C65}.Debug|Any CPU.ActiveCfg = Debug|Any CPU
		{EB63F384-AACA-4E5D-B8EF-CA6ABA128C65}.Debug|Any CPU.Build.0 = Debug|Any CPU
		{EB63F384-AACA-4E5D-B8EF-CA6ABA128C65}.Release|Any CPU.ActiveCfg = Release|Any CPU
		{EB63F384-AACA-4E5D-B8EF-CA6ABA128C65}.Release|Any CPU.Build.0 = Release|Any CPU
		{7299A385-4DD3-49DC-A565-38C5E5E24807}.Debug|Any CPU.ActiveCfg = Debug|Any CPU
		{7299A385-4DD3-49DC-A565-38C5E5E24807}.Debug|Any CPU.Build.0 = Debug|Any CPU
		{7299A385-4DD3-49DC-A565-38C5E5E24807}.Release|Any CPU.ActiveCfg = Release|Any CPU
		{7299A385-4DD3-49DC-A565-38C5E5E24807}.Release|Any CPU.Build.0 = Release|Any CPU
		{D0DDF9E8-73C3-42BA-8B4D-7A9CABEC19D4}.Debug|Any CPU.ActiveCfg = Debug|Any CPU
		{D0DDF9E8-73C3-42BA-8B4D-7A9CABEC19D4}.Debug|Any CPU.Build.0 = Debug|Any CPU
		{D0DDF9E8-73C3-42BA-8B4D-7A9CABEC19D4}.Release|Any CPU.ActiveCfg = Release|Any CPU
		{D0DDF9E8-73C3-42BA-8B4D-7A9CABEC19D4}.Release|Any CPU.Build.0 = Release|Any CPU
		{63EB57DA-D03E-48AF-A74A-84C82208E259}.Debug|Any CPU.ActiveCfg = Debug|Any CPU
		{63EB57DA-D03E-48AF-A74A-84C82208E259}.Debug|Any CPU.Build.0 = Debug|Any CPU
		{63EB57DA-D03E-48AF-A74A-84C82208E259}.Release|Any CPU.ActiveCfg = Release|Any CPU
		{63EB57DA-D03E-48AF-A74A-84C82208E259}.Release|Any CPU.Build.0 = Release|Any CPU
		{2AFEC745-9FFF-42E0-BBB0-AC173AF03ACC}.Debug|Any CPU.ActiveCfg = Debug|Any CPU
		{2AFEC745-9FFF-42E0-BBB0-AC173AF03ACC}.Debug|Any CPU.Build.0 = Debug|Any CPU
		{2AFEC745-9FFF-42E0-BBB0-AC173AF03ACC}.Release|Any CPU.ActiveCfg = Release|Any CPU
		{2AFEC745-9FFF-42E0-BBB0-AC173AF03ACC}.Release|Any CPU.Build.0 = Release|Any CPU
		{FD6F331C-FB8C-4534-AB3D-322FAEF2AAB8}.Debug|Any CPU.ActiveCfg = Debug|Any CPU
		{FD6F331C-FB8C-4534-AB3D-322FAEF2AAB8}.Debug|Any CPU.Build.0 = Debug|Any CPU
		{FD6F331C-FB8C-4534-AB3D-322FAEF2AAB8}.Release|Any CPU.ActiveCfg = Release|Any CPU
		{FD6F331C-FB8C-4534-AB3D-322FAEF2AAB8}.Release|Any CPU.Build.0 = Release|Any CPU
		{D1722A13-1A18-4BC3-9847-64BA4151A15C}.Debug|Any CPU.ActiveCfg = Debug|Any CPU
		{D1722A13-1A18-4BC3-9847-64BA4151A15C}.Debug|Any CPU.Build.0 = Debug|Any CPU
		{D1722A13-1A18-4BC3-9847-64BA4151A15C}.Release|Any CPU.ActiveCfg = Release|Any CPU
		{D1722A13-1A18-4BC3-9847-64BA4151A15C}.Release|Any CPU.Build.0 = Release|Any CPU
		{EDD3383E-7A74-455F-8872-69C5CC8E2115}.Debug|Any CPU.ActiveCfg = Debug|Any CPU
		{EDD3383E-7A74-455F-8872-69C5CC8E2115}.Debug|Any CPU.Build.0 = Debug|Any CPU
		{EDD3383E-7A74-455F-8872-69C5CC8E2115}.Release|Any CPU.ActiveCfg = Release|Any CPU
		{EDD3383E-7A74-455F-8872-69C5CC8E2115}.Release|Any CPU.Build.0 = Release|Any CPU
		{0630C798-AC13-458E-A5D7-B7D9B6C4487F}.Debug|Any CPU.ActiveCfg = Debug|Any CPU
		{0630C798-AC13-458E-A5D7-B7D9B6C4487F}.Debug|Any CPU.Build.0 = Debug|Any CPU
		{0630C798-AC13-458E-A5D7-B7D9B6C4487F}.Release|Any CPU.ActiveCfg = Release|Any CPU
		{0630C798-AC13-458E-A5D7-B7D9B6C4487F}.Release|Any CPU.Build.0 = Release|Any CPU
		{9502AA74-93E0-48A9-9651-D09005E0EDC3}.Debug|Any CPU.ActiveCfg = Debug|Any CPU
		{9502AA74-93E0-48A9-9651-D09005E0EDC3}.Debug|Any CPU.Build.0 = Debug|Any CPU
		{9502AA74-93E0-48A9-9651-D09005E0EDC3}.Release|Any CPU.ActiveCfg = Release|Any CPU
		{9502AA74-93E0-48A9-9651-D09005E0EDC3}.Release|Any CPU.Build.0 = Release|Any CPU
		{6ADAB63C-17F0-4DB9-8E3A-A6AF57984805}.Debug|Any CPU.ActiveCfg = Debug|Any CPU
		{6ADAB63C-17F0-4DB9-8E3A-A6AF57984805}.Debug|Any CPU.Build.0 = Debug|Any CPU
		{6ADAB63C-17F0-4DB9-8E3A-A6AF57984805}.Release|Any CPU.ActiveCfg = Release|Any CPU
		{6ADAB63C-17F0-4DB9-8E3A-A6AF57984805}.Release|Any CPU.Build.0 = Release|Any CPU
		{5B411166-21A5-49F0-B3E6-A6FFF657247A}.Debug|Any CPU.ActiveCfg = Debug|Any CPU
		{5B411166-21A5-49F0-B3E6-A6FFF657247A}.Debug|Any CPU.Build.0 = Debug|Any CPU
		{5B411166-21A5-49F0-B3E6-A6FFF657247A}.Release|Any CPU.ActiveCfg = Release|Any CPU
		{5B411166-21A5-49F0-B3E6-A6FFF657247A}.Release|Any CPU.Build.0 = Release|Any CPU
		{9A9C8952-042B-4540-9472-73C284542060}.Debug|Any CPU.ActiveCfg = Debug|Any CPU
		{9A9C8952-042B-4540-9472-73C284542060}.Debug|Any CPU.Build.0 = Debug|Any CPU
		{9A9C8952-042B-4540-9472-73C284542060}.Release|Any CPU.ActiveCfg = Release|Any CPU
		{9A9C8952-042B-4540-9472-73C284542060}.Release|Any CPU.Build.0 = Release|Any CPU
		{8FCBA14A-81A8-423D-A103-F163E3225D47}.Debug|Any CPU.ActiveCfg = Debug|Any CPU
		{8FCBA14A-81A8-423D-A103-F163E3225D47}.Debug|Any CPU.Build.0 = Debug|Any CPU
		{8FCBA14A-81A8-423D-A103-F163E3225D47}.Release|Any CPU.ActiveCfg = Release|Any CPU
		{8FCBA14A-81A8-423D-A103-F163E3225D47}.Release|Any CPU.Build.0 = Release|Any CPU
	EndGlobalSection
	GlobalSection(SolutionProperties) = preSolution
		HideSolutionNode = FALSE
	EndGlobalSection
	GlobalSection(NestedProjects) = preSolution
		{8EAF6F48-46DE-49E8-8546-60CD2183ECB7} = {02D71694-7079-44A6-A416-FDF128C63C23}
		{038ED714-CFF9-40F6-A772-96D84489756F} = {02D71694-7079-44A6-A416-FDF128C63C23}
		{BD96A0B2-7001-4B41-8823-5AD0C0097639} = {FEFFDE2B-19EC-4FDD-9449-BAD03D92F701}
		{5385F8E7-7015-49F2-B480-CA49048A741F} = {9A139D79-2CD5-4943-ABA9-C817480D782B}
		{A5B51863-E83F-4090-80FA-B68E6E7C6647} = {9701E3AA-03E2-4921-8D30-8715D4765360}
		{98C88FCE-BDEF-4235-BE70-860BE6881813} = {269CB40E-400F-4C18-9B53-E25C83E0E203}
		{FDC9B9F3-CC3D-434F-A806-934E0C28430E} = {9701E3AA-03E2-4921-8D30-8715D4765360}
		{C9691562-26F2-42EC-ACA4-D7AEEBB878F4} = {A5B51863-E83F-4090-80FA-B68E6E7C6647}
		{94EB46A1-9A40-4584-8AE2-D3A27646DE7E} = {98C88FCE-BDEF-4235-BE70-860BE6881813}
		{EB63F384-AACA-4E5D-B8EF-CA6ABA128C65} = {1737D88F-B1E1-408D-9709-1B0E0449C2BA}
		{7299A385-4DD3-49DC-A565-38C5E5E24807} = {30E00C50-5B5D-4D80-8BC9-BB5E16EEEDE4}
		{FEFFDE2B-19EC-4FDD-9449-BAD03D92F701} = {02D71694-7079-44A6-A416-FDF128C63C23}
		{FFD3D2C2-6C6A-49D8-B042-DFC80E26DD71} = {30E00C50-5B5D-4D80-8BC9-BB5E16EEEDE4}
		{D0DDF9E8-73C3-42BA-8B4D-7A9CABEC19D4} = {FFD3D2C2-6C6A-49D8-B042-DFC80E26DD71}
		{63EB57DA-D03E-48AF-A74A-84C82208E259} = {9A139D79-2CD5-4943-ABA9-C817480D782B}
		{2AFEC745-9FFF-42E0-BBB0-AC173AF03ACC} = {9A139D79-2CD5-4943-ABA9-C817480D782B}
		{FD6F331C-FB8C-4534-AB3D-322FAEF2AAB8} = {5385F8E7-7015-49F2-B480-CA49048A741F}
		{D1722A13-1A18-4BC3-9847-64BA4151A15C} = {9A139D79-2CD5-4943-ABA9-C817480D782B}
		{EDD3383E-7A74-455F-8872-69C5CC8E2115} = {BCA91B36-E5CD-48B8-810A-0F3245D89B7E}
		{F9AD6CE4-D9C4-49AB-BFB1-4CB6BCFC0191} = {BCA91B36-E5CD-48B8-810A-0F3245D89B7E}
		{0630C798-AC13-458E-A5D7-B7D9B6C4487F} = {F9AD6CE4-D9C4-49AB-BFB1-4CB6BCFC0191}
		{9502AA74-93E0-48A9-9651-D09005E0EDC3} = {BCA91B36-E5CD-48B8-810A-0F3245D89B7E}
		{6ADAB63C-17F0-4DB9-8E3A-A6AF57984805} = {BCA91B36-E5CD-48B8-810A-0F3245D89B7E}
		{5B411166-21A5-49F0-B3E6-A6FFF657247A} = {3FBB3760-7299-4FE5-9B8D-848E56B8E294}
		{9A9C8952-042B-4540-9472-73C284542060} = {269CB40E-400F-4C18-9B53-E25C83E0E203}
		{8FCBA14A-81A8-423D-A103-F163E3225D47} = {269CB40E-400F-4C18-9B53-E25C83E0E203}
	EndGlobalSection
	GlobalSection(ExtensibilityGlobals) = postSolution
		SolutionGuid = {9B522DBE-B32A-492B-9F23-430E5CBF100B}
	EndGlobalSection
EndGlobal
