
Microsoft Visual Studio Solution File, Format Version 12.00
# Visual Studio Version 17
VisualStudioVersion = 17.11.35327.3
MinimumVisualStudioVersion = 10.0.40219.1
Project("{9A19103F-16F7-4668-BE54-9A1E7A4F7556}") = "Cli2", "Cli2\Cli2.csproj", "{8EAF6F48-46DE-49E8-8546-60CD2183ECB7}"
EndProject
Project("{9A19103F-16F7-4668-BE54-9A1E7A4F7556}") = "CommandLine", "CommandLine\CommandLine.csproj", "{038ED714-CFF9-40F6-A772-96D84489756F}"
EndProject
Project("{9A19103F-16F7-4668-BE54-9A1E7A4F7556}") = "CommandLine.Tests", "CommandLine.Tests\CommandLine.Tests.csproj", "{BD96A0B2-7001-4B41-8823-5AD0C0097639}"
EndProject
Project("{2150E333-8FDC-42A3-9474-1A3956D46DE8}") = "Outputs", "Outputs", "{1737D88F-B1E1-408D-9709-1B0E0449C2BA}"
EndProject
Project("{9A19103F-16F7-4668-BE54-9A1E7A4F7556}") = "SpectreConsole", "Outputs\SpectreConsole\SpectreConsole.csproj", "{EB63F384-AACA-4E5D-B8EF-CA6ABA128C65}"
EndProject
Project("{2150E333-8FDC-42A3-9474-1A3956D46DE8}") = "Cli", "Cli", "{02D71694-7079-44A6-A416-FDF128C63C23}"
EndProject
Project("{2150E333-8FDC-42A3-9474-1A3956D46DE8}") = "Tests", "Tests", "{FEFFDE2B-19EC-4FDD-9449-BAD03D92F701}"
EndProject
Project("{9A19103F-16F7-4668-BE54-9A1E7A4F7556}") = "CommandWeaver.Serializers.Json", "CommandWeaver.Serializers.Json\CommandWeaver.Serializers.Json.csproj", "{63EB57DA-D03E-48AF-A74A-84C82208E259}"
EndProject
Project("{9A19103F-16F7-4668-BE54-9A1E7A4F7556}") = "CommandWeaver.Serializers.Json.Tests", "Tests\CommandWeaver.Serializers.Json.Tests\CommandWeaver.Serializers.Json.Tests.csproj", "{FD6F331C-FB8C-4534-AB3D-322FAEF2AAB8}"
EndProject
Project("{2150E333-8FDC-42A3-9474-1A3956D46DE8}") = "CommandWeaver", "CommandWeaver", "{BCA91B36-E5CD-48B8-810A-0F3245D89B7E}"
EndProject
Project("{9A19103F-16F7-4668-BE54-9A1E7A4F7556}") = "CommandWeaver.Abstractions", "CommandWeaver.Abstractions\CommandWeaver.Abstractions.csproj", "{EDD3383E-7A74-455F-8872-69C5CC8E2115}"
EndProject
Project("{2150E333-8FDC-42A3-9474-1A3956D46DE8}") = "Tests", "Tests", "{F9AD6CE4-D9C4-49AB-BFB1-4CB6BCFC0191}"
EndProject
Project("{9A19103F-16F7-4668-BE54-9A1E7A4F7556}") = "CommandWeaver.Abstractions.Tests", "Tests\CommandWeaver.Abstractions.Tests\CommandWeaver.Abstractions.Tests.csproj", "{0630C798-AC13-458E-A5D7-B7D9B6C4487F}"
EndProject
Project("{9A19103F-16F7-4668-BE54-9A1E7A4F7556}") = "CommandWeaver", "CommandWeaver\CommandWeaver.csproj", "{9502AA74-93E0-48A9-9651-D09005E0EDC3}"
EndProject
Project("{9A19103F-16F7-4668-BE54-9A1E7A4F7556}") = "CommandWeaver.Variables", "CommandWeaver.Variables\CommandWeaver.Variables.csproj", "{6ADAB63C-17F0-4DB9-8E3A-A6AF57984805}"
EndProject
Project("{9A19103F-16F7-4668-BE54-9A1E7A4F7556}") = "CommandWeaver.Repositories.Abstraction", "CommandWeaver.Repositories.Abstraction\CommandWeaver.Repositories.Abstraction.csproj", "{9A9C8952-042B-4540-9472-73C284542060}"
EndProject
Project("{9A19103F-16F7-4668-BE54-9A1E7A4F7556}") = "CommandWeaver.Repositories.File", "CommandWeaver.Repositories.File\CommandWeaver.Repositories.File.csproj", "{8FCBA14A-81A8-423D-A103-F163E3225D47}"
EndProject
Project("{9A19103F-16F7-4668-BE54-9A1E7A4F7556}") = "CommandWeaver.Repositories.Embedded", "CommandWeaver.Repositories.Embedded\CommandWeaver.Repositories.Embedded.csproj", "{562F3A2E-7EF7-439E-991D-BEF11E61A271}"
EndProject
Project("{9A19103F-16F7-4668-BE54-9A1E7A4F7556}") = "CommandWeaver.Commands", "CommandWeaver.Commands\CommandWeaver.Commands.csproj", "{129218A2-8834-4BDE-95F7-E849F9EBB346}"
EndProject
Project("{9A19103F-16F7-4668-BE54-9A1E7A4F7556}") = "CommandWeaver.Output", "CommandWeaver.Output\CommandWeaver.Output.csproj", "{EBA32D56-38C8-472A-AD2C-806084E963BA}"
EndProject
Project("{9A19103F-16F7-4668-BE54-9A1E7A4F7556}") = "CommandWeaver.Flow", "CommandWeaver.Flow\CommandWeaver.Flow.csproj", "{28C88C2C-EDB4-4D45-A1A9-ADE3DCA28DAF}"
EndProject
Project("{FAE04EC0-301F-11D3-BF4B-00C04F79EFBC}") = "CommandWeaver.Operations", "CommandWeaver.Operations\CommandWeaver.Operations.csproj", "{BFC1AD5E-06A8-4DC1-B754-7DD5256DB8D0}"
EndProject
Project("{FAE04EC0-301F-11D3-BF4B-00C04F79EFBC}") = "CommandWeaver.Repositories.Embedded.Tests", "Tests\CommandWeaver.Repositories.Embedded.Tests\CommandWeaver.Repositories.Embedded.Tests.csproj", "{B7B27B30-5397-4686-8C69-AEB2020BB460}"
EndProject
Global
	GlobalSection(SolutionConfigurationPlatforms) = preSolution
		Debug|Any CPU = Debug|Any CPU
		Release|Any CPU = Release|Any CPU
	EndGlobalSection
	GlobalSection(ProjectConfigurationPlatforms) = postSolution
		{8EAF6F48-46DE-49E8-8546-60CD2183ECB7}.Debug|Any CPU.ActiveCfg = Debug|Any CPU
		{8EAF6F48-46DE-49E8-8546-60CD2183ECB7}.Debug|Any CPU.Build.0 = Debug|Any CPU
		{8EAF6F48-46DE-49E8-8546-60CD2183ECB7}.Release|Any CPU.ActiveCfg = Release|Any CPU
		{8EAF6F48-46DE-49E8-8546-60CD2183ECB7}.Release|Any CPU.Build.0 = Release|Any CPU
		{038ED714-CFF9-40F6-A772-96D84489756F}.Debug|Any CPU.ActiveCfg = Debug|Any CPU
		{038ED714-CFF9-40F6-A772-96D84489756F}.Debug|Any CPU.Build.0 = Debug|Any CPU
		{038ED714-CFF9-40F6-A772-96D84489756F}.Release|Any CPU.ActiveCfg = Release|Any CPU
		{038ED714-CFF9-40F6-A772-96D84489756F}.Release|Any CPU.Build.0 = Release|Any CPU
		{BD96A0B2-7001-4B41-8823-5AD0C0097639}.Debug|Any CPU.ActiveCfg = Debug|Any CPU
		{BD96A0B2-7001-4B41-8823-5AD0C0097639}.Debug|Any CPU.Build.0 = Debug|Any CPU
		{BD96A0B2-7001-4B41-8823-5AD0C0097639}.Release|Any CPU.ActiveCfg = Release|Any CPU
		{BD96A0B2-7001-4B41-8823-5AD0C0097639}.Release|Any CPU.Build.0 = Release|Any CPU
		{EB63F384-AACA-4E5D-B8EF-CA6ABA128C65}.Debug|Any CPU.ActiveCfg = Debug|Any CPU
		{EB63F384-AACA-4E5D-B8EF-CA6ABA128C65}.Debug|Any CPU.Build.0 = Debug|Any CPU
		{EB63F384-AACA-4E5D-B8EF-CA6ABA128C65}.Release|Any CPU.ActiveCfg = Release|Any CPU
		{EB63F384-AACA-4E5D-B8EF-CA6ABA128C65}.Release|Any CPU.Build.0 = Release|Any CPU
		{63EB57DA-D03E-48AF-A74A-84C82208E259}.Debug|Any CPU.ActiveCfg = Debug|Any CPU
		{63EB57DA-D03E-48AF-A74A-84C82208E259}.Debug|Any CPU.Build.0 = Debug|Any CPU
		{63EB57DA-D03E-48AF-A74A-84C82208E259}.Release|Any CPU.ActiveCfg = Release|Any CPU
		{63EB57DA-D03E-48AF-A74A-84C82208E259}.Release|Any CPU.Build.0 = Release|Any CPU
		{FD6F331C-FB8C-4534-AB3D-322FAEF2AAB8}.Debug|Any CPU.ActiveCfg = Debug|Any CPU
		{FD6F331C-FB8C-4534-AB3D-322FAEF2AAB8}.Debug|Any CPU.Build.0 = Debug|Any CPU
		{FD6F331C-FB8C-4534-AB3D-322FAEF2AAB8}.Release|Any CPU.ActiveCfg = Release|Any CPU
		{FD6F331C-FB8C-4534-AB3D-322FAEF2AAB8}.Release|Any CPU.Build.0 = Release|Any CPU
		{EDD3383E-7A74-455F-8872-69C5CC8E2115}.Debug|Any CPU.ActiveCfg = Debug|Any CPU
		{EDD3383E-7A74-455F-8872-69C5CC8E2115}.Debug|Any CPU.Build.0 = Debug|Any CPU
		{EDD3383E-7A74-455F-8872-69C5CC8E2115}.Release|Any CPU.ActiveCfg = Release|Any CPU
		{EDD3383E-7A74-455F-8872-69C5CC8E2115}.Release|Any CPU.Build.0 = Release|Any CPU
		{0630C798-AC13-458E-A5D7-B7D9B6C4487F}.Debug|Any CPU.ActiveCfg = Debug|Any CPU
		{0630C798-AC13-458E-A5D7-B7D9B6C4487F}.Debug|Any CPU.Build.0 = Debug|Any CPU
		{0630C798-AC13-458E-A5D7-B7D9B6C4487F}.Release|Any CPU.ActiveCfg = Release|Any CPU
		{0630C798-AC13-458E-A5D7-B7D9B6C4487F}.Release|Any CPU.Build.0 = Release|Any CPU
		{9502AA74-93E0-48A9-9651-D09005E0EDC3}.Debug|Any CPU.ActiveCfg = Debug|Any CPU
		{9502AA74-93E0-48A9-9651-D09005E0EDC3}.Debug|Any CPU.Build.0 = Debug|Any CPU
		{9502AA74-93E0-48A9-9651-D09005E0EDC3}.Release|Any CPU.ActiveCfg = Release|Any CPU
		{9502AA74-93E0-48A9-9651-D09005E0EDC3}.Release|Any CPU.Build.0 = Release|Any CPU
		{6ADAB63C-17F0-4DB9-8E3A-A6AF57984805}.Debug|Any CPU.ActiveCfg = Debug|Any CPU
		{6ADAB63C-17F0-4DB9-8E3A-A6AF57984805}.Debug|Any CPU.Build.0 = Debug|Any CPU
		{6ADAB63C-17F0-4DB9-8E3A-A6AF57984805}.Release|Any CPU.ActiveCfg = Release|Any CPU
		{6ADAB63C-17F0-4DB9-8E3A-A6AF57984805}.Release|Any CPU.Build.0 = Release|Any CPU
		{9A9C8952-042B-4540-9472-73C284542060}.Debug|Any CPU.ActiveCfg = Debug|Any CPU
		{9A9C8952-042B-4540-9472-73C284542060}.Debug|Any CPU.Build.0 = Debug|Any CPU
		{9A9C8952-042B-4540-9472-73C284542060}.Release|Any CPU.ActiveCfg = Release|Any CPU
		{9A9C8952-042B-4540-9472-73C284542060}.Release|Any CPU.Build.0 = Release|Any CPU
		{8FCBA14A-81A8-423D-A103-F163E3225D47}.Debug|Any CPU.ActiveCfg = Debug|Any CPU
		{8FCBA14A-81A8-423D-A103-F163E3225D47}.Debug|Any CPU.Build.0 = Debug|Any CPU
		{8FCBA14A-81A8-423D-A103-F163E3225D47}.Release|Any CPU.ActiveCfg = Release|Any CPU
		{8FCBA14A-81A8-423D-A103-F163E3225D47}.Release|Any CPU.Build.0 = Release|Any CPU
		{562F3A2E-7EF7-439E-991D-BEF11E61A271}.Debug|Any CPU.ActiveCfg = Debug|Any CPU
		{562F3A2E-7EF7-439E-991D-BEF11E61A271}.Debug|Any CPU.Build.0 = Debug|Any CPU
		{562F3A2E-7EF7-439E-991D-BEF11E61A271}.Release|Any CPU.ActiveCfg = Release|Any CPU
		{562F3A2E-7EF7-439E-991D-BEF11E61A271}.Release|Any CPU.Build.0 = Release|Any CPU
		{129218A2-8834-4BDE-95F7-E849F9EBB346}.Debug|Any CPU.ActiveCfg = Debug|Any CPU
		{129218A2-8834-4BDE-95F7-E849F9EBB346}.Debug|Any CPU.Build.0 = Debug|Any CPU
		{129218A2-8834-4BDE-95F7-E849F9EBB346}.Release|Any CPU.ActiveCfg = Release|Any CPU
		{129218A2-8834-4BDE-95F7-E849F9EBB346}.Release|Any CPU.Build.0 = Release|Any CPU
		{EBA32D56-38C8-472A-AD2C-806084E963BA}.Debug|Any CPU.ActiveCfg = Debug|Any CPU
		{EBA32D56-38C8-472A-AD2C-806084E963BA}.Debug|Any CPU.Build.0 = Debug|Any CPU
		{EBA32D56-38C8-472A-AD2C-806084E963BA}.Release|Any CPU.ActiveCfg = Release|Any CPU
		{EBA32D56-38C8-472A-AD2C-806084E963BA}.Release|Any CPU.Build.0 = Release|Any CPU
		{28C88C2C-EDB4-4D45-A1A9-ADE3DCA28DAF}.Debug|Any CPU.ActiveCfg = Debug|Any CPU
		{28C88C2C-EDB4-4D45-A1A9-ADE3DCA28DAF}.Debug|Any CPU.Build.0 = Debug|Any CPU
		{28C88C2C-EDB4-4D45-A1A9-ADE3DCA28DAF}.Release|Any CPU.ActiveCfg = Release|Any CPU
		{28C88C2C-EDB4-4D45-A1A9-ADE3DCA28DAF}.Release|Any CPU.Build.0 = Release|Any CPU
		{BFC1AD5E-06A8-4DC1-B754-7DD5256DB8D0}.Debug|Any CPU.ActiveCfg = Debug|Any CPU
		{BFC1AD5E-06A8-4DC1-B754-7DD5256DB8D0}.Debug|Any CPU.Build.0 = Debug|Any CPU
		{BFC1AD5E-06A8-4DC1-B754-7DD5256DB8D0}.Release|Any CPU.ActiveCfg = Release|Any CPU
		{BFC1AD5E-06A8-4DC1-B754-7DD5256DB8D0}.Release|Any CPU.Build.0 = Release|Any CPU
		{B7B27B30-5397-4686-8C69-AEB2020BB460}.Debug|Any CPU.ActiveCfg = Debug|Any CPU
		{B7B27B30-5397-4686-8C69-AEB2020BB460}.Debug|Any CPU.Build.0 = Debug|Any CPU
		{B7B27B30-5397-4686-8C69-AEB2020BB460}.Release|Any CPU.ActiveCfg = Release|Any CPU
		{B7B27B30-5397-4686-8C69-AEB2020BB460}.Release|Any CPU.Build.0 = Release|Any CPU
	EndGlobalSection
	GlobalSection(SolutionProperties) = preSolution
		HideSolutionNode = FALSE
	EndGlobalSection
	GlobalSection(NestedProjects) = preSolution
		{8EAF6F48-46DE-49E8-8546-60CD2183ECB7} = {02D71694-7079-44A6-A416-FDF128C63C23}
		{038ED714-CFF9-40F6-A772-96D84489756F} = {02D71694-7079-44A6-A416-FDF128C63C23}
		{BD96A0B2-7001-4B41-8823-5AD0C0097639} = {FEFFDE2B-19EC-4FDD-9449-BAD03D92F701}
		{EB63F384-AACA-4E5D-B8EF-CA6ABA128C65} = {1737D88F-B1E1-408D-9709-1B0E0449C2BA}
		{FEFFDE2B-19EC-4FDD-9449-BAD03D92F701} = {02D71694-7079-44A6-A416-FDF128C63C23}
		{63EB57DA-D03E-48AF-A74A-84C82208E259} = {BCA91B36-E5CD-48B8-810A-0F3245D89B7E}
		{FD6F331C-FB8C-4534-AB3D-322FAEF2AAB8} = {F9AD6CE4-D9C4-49AB-BFB1-4CB6BCFC0191}
		{EDD3383E-7A74-455F-8872-69C5CC8E2115} = {BCA91B36-E5CD-48B8-810A-0F3245D89B7E}
		{F9AD6CE4-D9C4-49AB-BFB1-4CB6BCFC0191} = {BCA91B36-E5CD-48B8-810A-0F3245D89B7E}
		{0630C798-AC13-458E-A5D7-B7D9B6C4487F} = {F9AD6CE4-D9C4-49AB-BFB1-4CB6BCFC0191}
		{9502AA74-93E0-48A9-9651-D09005E0EDC3} = {BCA91B36-E5CD-48B8-810A-0F3245D89B7E}
		{6ADAB63C-17F0-4DB9-8E3A-A6AF57984805} = {BCA91B36-E5CD-48B8-810A-0F3245D89B7E}
		{9A9C8952-042B-4540-9472-73C284542060} = {BCA91B36-E5CD-48B8-810A-0F3245D89B7E}
		{8FCBA14A-81A8-423D-A103-F163E3225D47} = {BCA91B36-E5CD-48B8-810A-0F3245D89B7E}
		{562F3A2E-7EF7-439E-991D-BEF11E61A271} = {BCA91B36-E5CD-48B8-810A-0F3245D89B7E}
		{129218A2-8834-4BDE-95F7-E849F9EBB346} = {BCA91B36-E5CD-48B8-810A-0F3245D89B7E}
		{EBA32D56-38C8-472A-AD2C-806084E963BA} = {BCA91B36-E5CD-48B8-810A-0F3245D89B7E}
		{28C88C2C-EDB4-4D45-A1A9-ADE3DCA28DAF} = {BCA91B36-E5CD-48B8-810A-0F3245D89B7E}
		{BFC1AD5E-06A8-4DC1-B754-7DD5256DB8D0} = {BCA91B36-E5CD-48B8-810A-0F3245D89B7E}
		{B7B27B30-5397-4686-8C69-AEB2020BB460} = {F9AD6CE4-D9C4-49AB-BFB1-4CB6BCFC0191}
	EndGlobalSection
	GlobalSection(ExtensibilityGlobals) = postSolution
		SolutionGuid = {9B522DBE-B32A-492B-9F23-430E5CBF100B}
	EndGlobalSection
EndGlobal
