
Microsoft Visual Studio Solution File, Format Version 12.00
# Visual Studio Version 17
VisualStudioVersion = 17.11.35327.3
MinimumVisualStudioVersion = 10.0.40219.1
Project("{9A19103F-16F7-4668-BE54-9A1E7A4F7556}") = "Cli2", "Cli2\Cli2.csproj", "{8EAF6F48-46DE-49E8-8546-60CD2183ECB7}"
EndProject
Project("{9A19103F-16F7-4668-BE54-9A1E7A4F7556}") = "CommandLine", "CommandLine\CommandLine.csproj", "{038ED714-CFF9-40F6-A772-96D84489756F}"
EndProject
Project("{9A19103F-16F7-4668-BE54-9A1E7A4F7556}") = "CommandLine.Tests", "CommandLine.Tests\CommandLine.Tests.csproj", "{BD96A0B2-7001-4B41-8823-5AD0C0097639}"
EndProject
Project("{9A19103F-16F7-4668-BE54-9A1E7A4F7556}") = "Models", "Models\Models.csproj", "{CD58103D-73D0-4610-AB90-C2CC6DC9627F}"
EndProject
Project("{2150E333-8FDC-42A3-9474-1A3956D46DE8}") = "Context", "Context", "{9701E3AA-03E2-4921-8D30-8715D4765360}"
EndProject
Project("{2150E333-8FDC-42A3-9474-1A3956D46DE8}") = "Serializers", "Serializers", "{9A139D79-2CD5-4943-ABA9-C817480D782B}"
EndProject
Project("{9A19103F-16F7-4668-BE54-9A1E7A4F7556}") = "Serializer.Json", "Serializers\Serializer.Json\Serializer.Json.csproj", "{9DF099CF-1187-442B-AA69-FB96C19F7492}"
EndProject
Project("{9A19103F-16F7-4668-BE54-9A1E7A4F7556}") = "Serializer.Abstractions", "Serializers\Serializer.Abstractions\Serializer.Abstractions.csproj", "{3F44525C-93D3-417E-A9DF-674E103EBB12}"
EndProject
Project("{2150E333-8FDC-42A3-9474-1A3956D46DE8}") = "Tests", "Tests", "{5385F8E7-7015-49F2-B480-CA49048A741F}"
EndProject
Project("{9A19103F-16F7-4668-BE54-9A1E7A4F7556}") = "Serializer.Json.Tests", "Serializers\Serializer.Json.Tests\Serializer.Json.Tests.csproj", "{2C9DF459-A578-4AA4-91CA-DF22CC6AFDA6}"
EndProject
Project("{2150E333-8FDC-42A3-9474-1A3956D46DE8}") = "Repositories", "Repositories", "{269CB40E-400F-4C18-9B53-E25C83E0E203}"
EndProject
Project("{2150E333-8FDC-42A3-9474-1A3956D46DE8}") = "Tests", "Tests", "{A5B51863-E83F-4090-80FA-B68E6E7C6647}"
EndProject
Project("{2150E333-8FDC-42A3-9474-1A3956D46DE8}") = "Tests", "Tests", "{98C88FCE-BDEF-4235-BE70-860BE6881813}"
EndProject
Project("{9A19103F-16F7-4668-BE54-9A1E7A4F7556}") = "Cli2Context", "Context\Cli2Context\Cli2Context.csproj", "{FDC9B9F3-CC3D-434F-A806-934E0C28430E}"
EndProject
Project("{9A19103F-16F7-4668-BE54-9A1E7A4F7556}") = "Cli2Context.Tests", "Context\Tests\Cli2Context.Tests\Cli2Context.Tests.csproj", "{C9691562-26F2-42EC-ACA4-D7AEEBB878F4}"
EndProject
Project("{9A19103F-16F7-4668-BE54-9A1E7A4F7556}") = "Repositories.Abstraction", "Repositories\Repositories.Abstraction\Repositories.Abstraction.csproj", "{9E692AA3-4136-447A-AD21-28D60CEC5004}"
EndProject
Project("{9A19103F-16F7-4668-BE54-9A1E7A4F7556}") = "Repositories.File", "Repositories\Repositories.File\Repositories.File.csproj", "{92795D6E-5BBC-4C5D-B5B4-7A0A1D12AF47}"
EndProject
Project("{9A19103F-16F7-4668-BE54-9A1E7A4F7556}") = "Repositories.File.Tests", "Repositories\Repositories.File.Tests\Repositories.File.Tests.csproj", "{94EB46A1-9A40-4584-8AE2-D3A27646DE7E}"
EndProject
Project("{2150E333-8FDC-42A3-9474-1A3956D46DE8}") = "Outputs", "Outputs", "{1737D88F-B1E1-408D-9709-1B0E0449C2BA}"
EndProject
Project("{9A19103F-16F7-4668-BE54-9A1E7A4F7556}") = "SpectreConsole", "Outputs\SpectreConsole\SpectreConsole.csproj", "{EB63F384-AACA-4E5D-B8EF-CA6ABA128C65}"
EndProject
Project("{2150E333-8FDC-42A3-9474-1A3956D46DE8}") = "Abstractions", "Abstractions", "{AEECEA0E-66D6-4C87-B67B-A1254344B3C7}"
EndProject
Project("{2150E333-8FDC-42A3-9474-1A3956D46DE8}") = "Operations", "Operations", "{30E00C50-5B5D-4D80-8BC9-BB5E16EEEDE4}"
EndProject
Project("{9A19103F-16F7-4668-BE54-9A1E7A4F7556}") = "BuiltInOperations", "BuiltInOperations\BuiltInOperations.csproj", "{7299A385-4DD3-49DC-A565-38C5E5E24807}"
EndProject
Project("{2150E333-8FDC-42A3-9474-1A3956D46DE8}") = "Cli", "Cli", "{02D71694-7079-44A6-A416-FDF128C63C23}"
EndProject
Project("{2150E333-8FDC-42A3-9474-1A3956D46DE8}") = "Tests", "Tests", "{FEFFDE2B-19EC-4FDD-9449-BAD03D92F701}"
EndProject
Project("{2150E333-8FDC-42A3-9474-1A3956D46DE8}") = "Tests", "Tests", "{FFD3D2C2-6C6A-49D8-B042-DFC80E26DD71}"
EndProject
Global
	GlobalSection(SolutionConfigurationPlatforms) = preSolution
		Debug|Any CPU = Debug|Any CPU
		Release|Any CPU = Release|Any CPU
	EndGlobalSection
	GlobalSection(ProjectConfigurationPlatforms) = postSolution
		{8EAF6F48-46DE-49E8-8546-60CD2183ECB7}.Debug|Any CPU.ActiveCfg = Debug|Any CPU
		{8EAF6F48-46DE-49E8-8546-60CD2183ECB7}.Debug|Any CPU.Build.0 = Debug|Any CPU
		{8EAF6F48-46DE-49E8-8546-60CD2183ECB7}.Release|Any CPU.ActiveCfg = Release|Any CPU
		{8EAF6F48-46DE-49E8-8546-60CD2183ECB7}.Release|Any CPU.Build.0 = Release|Any CPU
		{038ED714-CFF9-40F6-A772-96D84489756F}.Debug|Any CPU.ActiveCfg = Debug|Any CPU
		{038ED714-CFF9-40F6-A772-96D84489756F}.Debug|Any CPU.Build.0 = Debug|Any CPU
		{038ED714-CFF9-40F6-A772-96D84489756F}.Release|Any CPU.ActiveCfg = Release|Any CPU
		{038ED714-CFF9-40F6-A772-96D84489756F}.Release|Any CPU.Build.0 = Release|Any CPU
		{BD96A0B2-7001-4B41-8823-5AD0C0097639}.Debug|Any CPU.ActiveCfg = Debug|Any CPU
		{BD96A0B2-7001-4B41-8823-5AD0C0097639}.Debug|Any CPU.Build.0 = Debug|Any CPU
		{BD96A0B2-7001-4B41-8823-5AD0C0097639}.Release|Any CPU.ActiveCfg = Release|Any CPU
		{BD96A0B2-7001-4B41-8823-5AD0C0097639}.Release|Any CPU.Build.0 = Release|Any CPU
		{CD58103D-73D0-4610-AB90-C2CC6DC9627F}.Debug|Any CPU.ActiveCfg = Debug|Any CPU
		{CD58103D-73D0-4610-AB90-C2CC6DC9627F}.Debug|Any CPU.Build.0 = Debug|Any CPU
		{CD58103D-73D0-4610-AB90-C2CC6DC9627F}.Release|Any CPU.ActiveCfg = Release|Any CPU
		{CD58103D-73D0-4610-AB90-C2CC6DC9627F}.Release|Any CPU.Build.0 = Release|Any CPU
		{9DF099CF-1187-442B-AA69-FB96C19F7492}.Debug|Any CPU.ActiveCfg = Debug|Any CPU
		{9DF099CF-1187-442B-AA69-FB96C19F7492}.Debug|Any CPU.Build.0 = Debug|Any CPU
		{9DF099CF-1187-442B-AA69-FB96C19F7492}.Release|Any CPU.ActiveCfg = Release|Any CPU
		{9DF099CF-1187-442B-AA69-FB96C19F7492}.Release|Any CPU.Build.0 = Release|Any CPU
		{3F44525C-93D3-417E-A9DF-674E103EBB12}.Debug|Any CPU.ActiveCfg = Debug|Any CPU
		{3F44525C-93D3-417E-A9DF-674E103EBB12}.Debug|Any CPU.Build.0 = Debug|Any CPU
		{3F44525C-93D3-417E-A9DF-674E103EBB12}.Release|Any CPU.ActiveCfg = Release|Any CPU
		{3F44525C-93D3-417E-A9DF-674E103EBB12}.Release|Any CPU.Build.0 = Release|Any CPU
		{2C9DF459-A578-4AA4-91CA-DF22CC6AFDA6}.Debug|Any CPU.ActiveCfg = Debug|Any CPU
		{2C9DF459-A578-4AA4-91CA-DF22CC6AFDA6}.Debug|Any CPU.Build.0 = Debug|Any CPU
		{2C9DF459-A578-4AA4-91CA-DF22CC6AFDA6}.Release|Any CPU.ActiveCfg = Release|Any CPU
		{2C9DF459-A578-4AA4-91CA-DF22CC6AFDA6}.Release|Any CPU.Build.0 = Release|Any CPU
		{FDC9B9F3-CC3D-434F-A806-934E0C28430E}.Debug|Any CPU.ActiveCfg = Debug|Any CPU
		{FDC9B9F3-CC3D-434F-A806-934E0C28430E}.Debug|Any CPU.Build.0 = Debug|Any CPU
		{FDC9B9F3-CC3D-434F-A806-934E0C28430E}.Release|Any CPU.ActiveCfg = Release|Any CPU
		{FDC9B9F3-CC3D-434F-A806-934E0C28430E}.Release|Any CPU.Build.0 = Release|Any CPU
		{C9691562-26F2-42EC-ACA4-D7AEEBB878F4}.Debug|Any CPU.ActiveCfg = Debug|Any CPU
		{C9691562-26F2-42EC-ACA4-D7AEEBB878F4}.Debug|Any CPU.Build.0 = Debug|Any CPU
		{C9691562-26F2-42EC-ACA4-D7AEEBB878F4}.Release|Any CPU.ActiveCfg = Release|Any CPU
		{C9691562-26F2-42EC-ACA4-D7AEEBB878F4}.Release|Any CPU.Build.0 = Release|Any CPU
		{9E692AA3-4136-447A-AD21-28D60CEC5004}.Debug|Any CPU.ActiveCfg = Debug|Any CPU
		{9E692AA3-4136-447A-AD21-28D60CEC5004}.Debug|Any CPU.Build.0 = Debug|Any CPU
		{9E692AA3-4136-447A-AD21-28D60CEC5004}.Release|Any CPU.ActiveCfg = Release|Any CPU
		{9E692AA3-4136-447A-AD21-28D60CEC5004}.Release|Any CPU.Build.0 = Release|Any CPU
		{92795D6E-5BBC-4C5D-B5B4-7A0A1D12AF47}.Debug|Any CPU.ActiveCfg = Debug|Any CPU
		{92795D6E-5BBC-4C5D-B5B4-7A0A1D12AF47}.Debug|Any CPU.Build.0 = Debug|Any CPU
		{92795D6E-5BBC-4C5D-B5B4-7A0A1D12AF47}.Release|Any CPU.ActiveCfg = Release|Any CPU
		{92795D6E-5BBC-4C5D-B5B4-7A0A1D12AF47}.Release|Any CPU.Build.0 = Release|Any CPU
		{94EB46A1-9A40-4584-8AE2-D3A27646DE7E}.Debug|Any CPU.ActiveCfg = Debug|Any CPU
		{94EB46A1-9A40-4584-8AE2-D3A27646DE7E}.Debug|Any CPU.Build.0 = Debug|Any CPU
		{94EB46A1-9A40-4584-8AE2-D3A27646DE7E}.Release|Any CPU.ActiveCfg = Release|Any CPU
		{94EB46A1-9A40-4584-8AE2-D3A27646DE7E}.Release|Any CPU.Build.0 = Release|Any CPU
		{EB63F384-AACA-4E5D-B8EF-CA6ABA128C65}.Debug|Any CPU.ActiveCfg = Debug|Any CPU
		{EB63F384-AACA-4E5D-B8EF-CA6ABA128C65}.Debug|Any CPU.Build.0 = Debug|Any CPU
		{EB63F384-AACA-4E5D-B8EF-CA6ABA128C65}.Release|Any CPU.ActiveCfg = Release|Any CPU
		{EB63F384-AACA-4E5D-B8EF-CA6ABA128C65}.Release|Any CPU.Build.0 = Release|Any CPU
		{7299A385-4DD3-49DC-A565-38C5E5E24807}.Debug|Any CPU.ActiveCfg = Debug|Any CPU
		{7299A385-4DD3-49DC-A565-38C5E5E24807}.Debug|Any CPU.Build.0 = Debug|Any CPU
		{7299A385-4DD3-49DC-A565-38C5E5E24807}.Release|Any CPU.ActiveCfg = Release|Any CPU
		{7299A385-4DD3-49DC-A565-38C5E5E24807}.Release|Any CPU.Build.0 = Release|Any CPU
	EndGlobalSection
	GlobalSection(SolutionProperties) = preSolution
		HideSolutionNode = FALSE
	EndGlobalSection
	GlobalSection(NestedProjects) = preSolution
		{8EAF6F48-46DE-49E8-8546-60CD2183ECB7} = {02D71694-7079-44A6-A416-FDF128C63C23}
		{038ED714-CFF9-40F6-A772-96D84489756F} = {02D71694-7079-44A6-A416-FDF128C63C23}
		{BD96A0B2-7001-4B41-8823-5AD0C0097639} = {FEFFDE2B-19EC-4FDD-9449-BAD03D92F701}
		{CD58103D-73D0-4610-AB90-C2CC6DC9627F} = {AEECEA0E-66D6-4C87-B67B-A1254344B3C7}
		{9DF099CF-1187-442B-AA69-FB96C19F7492} = {9A139D79-2CD5-4943-ABA9-C817480D782B}
		{3F44525C-93D3-417E-A9DF-674E103EBB12} = {9A139D79-2CD5-4943-ABA9-C817480D782B}
		{5385F8E7-7015-49F2-B480-CA49048A741F} = {9A139D79-2CD5-4943-ABA9-C817480D782B}
		{2C9DF459-A578-4AA4-91CA-DF22CC6AFDA6} = {5385F8E7-7015-49F2-B480-CA49048A741F}
		{A5B51863-E83F-4090-80FA-B68E6E7C6647} = {9701E3AA-03E2-4921-8D30-8715D4765360}
		{98C88FCE-BDEF-4235-BE70-860BE6881813} = {269CB40E-400F-4C18-9B53-E25C83E0E203}
		{FDC9B9F3-CC3D-434F-A806-934E0C28430E} = {9701E3AA-03E2-4921-8D30-8715D4765360}
		{C9691562-26F2-42EC-ACA4-D7AEEBB878F4} = {A5B51863-E83F-4090-80FA-B68E6E7C6647}
		{9E692AA3-4136-447A-AD21-28D60CEC5004} = {269CB40E-400F-4C18-9B53-E25C83E0E203}
		{92795D6E-5BBC-4C5D-B5B4-7A0A1D12AF47} = {269CB40E-400F-4C18-9B53-E25C83E0E203}
		{94EB46A1-9A40-4584-8AE2-D3A27646DE7E} = {98C88FCE-BDEF-4235-BE70-860BE6881813}
		{EB63F384-AACA-4E5D-B8EF-CA6ABA128C65} = {1737D88F-B1E1-408D-9709-1B0E0449C2BA}
		{7299A385-4DD3-49DC-A565-38C5E5E24807} = {30E00C50-5B5D-4D80-8BC9-BB5E16EEEDE4}
		{FEFFDE2B-19EC-4FDD-9449-BAD03D92F701} = {02D71694-7079-44A6-A416-FDF128C63C23}
		{FFD3D2C2-6C6A-49D8-B042-DFC80E26DD71} = {30E00C50-5B5D-4D80-8BC9-BB5E16EEEDE4}
	EndGlobalSection
	GlobalSection(ExtensibilityGlobals) = postSolution
		SolutionGuid = {9B522DBE-B32A-492B-9F23-430E5CBF100B}
	EndGlobalSection
EndGlobal
